
Microsoft Visual Studio Solution File, Format Version 12.00
# Visual Studio 2013
VisualStudioVersion = 12.0.21005.1
MinimumVisualStudioVersion = 10.0.40219.1
Project("{FAE04EC0-301F-11D3-BF4B-00C04F79EFBC}") = "SeleniumDemo.Tests.Basic", "SeleniumDemo.Tests.Basic\SeleniumDemo.Tests.Basic.csproj", "{CCE8FF07-A61F-49EF-9111-4268CB01F8AB}"
EndProject
Project("{FAE04EC0-301F-11D3-BF4B-00C04F79EFBC}") = "SeleniumDemo.WebApp", "SeleniumDemo.WebApp\SeleniumDemo.WebApp.csproj", "{36B16B8B-B4E0-4F6E-9925-29386F2803A5}"
EndProject
Global
	GlobalSection(SolutionConfigurationPlatforms) = preSolution
		Debug|Any CPU = Debug|Any CPU
		Release|Any CPU = Release|Any CPU
	EndGlobalSection
	GlobalSection(ProjectConfigurationPlatforms) = postSolution
		{CCE8FF07-A61F-49EF-9111-4268CB01F8AB}.Debug|Any CPU.ActiveCfg = Debug|Any CPU
		{CCE8FF07-A61F-49EF-9111-4268CB01F8AB}.Debug|Any CPU.Build.0 = Debug|Any CPU
		{CCE8FF07-A61F-49EF-9111-4268CB01F8AB}.Release|Any CPU.ActiveCfg = Release|Any CPU
		{CCE8FF07-A61F-49EF-9111-4268CB01F8AB}.Release|Any CPU.Build.0 = Release|Any CPU
		{36B16B8B-B4E0-4F6E-9925-29386F2803A5}.Debug|Any CPU.ActiveCfg = Debug|Any CPU
		{36B16B8B-B4E0-4F6E-9925-29386F2803A5}.Debug|Any CPU.Build.0 = Debug|Any CPU
		{36B16B8B-B4E0-4F6E-9925-29386F2803A5}.Release|Any CPU.ActiveCfg = Release|Any CPU
		{36B16B8B-B4E0-4F6E-9925-29386F2803A5}.Release|Any CPU.Build.0 = Release|Any CPU
	EndGlobalSection
	GlobalSection(SolutionProperties) = preSolution
		HideSolutionNode = FALSE
	EndGlobalSection
EndGlobal
